{
  "name": "template",
  "requires": true,
  "lockfileVersion": 1,
  "dependencies": {
    "@web3api/templates": {
      "version": "0.0.1-prealpha.80",
      "resolved": "https://registry.npmjs.org/@web3api/templates/-/templates-0.0.1-prealpha.80.tgz",
      "integrity": "sha512-He2e00olQILEA55ZKXfu8eNXI88fMF9IDJC0PNedJQuVWxhJfa0rXN36MITQDi/778UNy1Tbx93afTETYGoC0A=="
    }
  }
}
